
Microsoft Visual Studio Solution File, Format Version 12.00
# Visual Studio Version 18
VisualStudioVersion = 18.3.11512.155
MinimumVisualStudioVersion = 10.0.40219.1
Project("{FAE04EC0-301F-11D3-BF4B-00C04F79EFBC}") = "RonelActivityFlight", "RonelActivityFlight.csproj", "{CE5AF6BE-D2EC-481C-8E33-2B24CE8971AB}"
EndProject
Global
	GlobalSection(SolutionConfigurationPlatforms) = preSolution
		Debug|Any CPU = Debug|Any CPU
		Release|Any CPU = Release|Any CPU
	EndGlobalSection
	GlobalSection(ProjectConfigurationPlatforms) = postSolution
		{CE5AF6BE-D2EC-481C-8E33-2B24CE8971AB}.Debug|Any CPU.ActiveCfg = Debug|Any CPU
		{CE5AF6BE-D2EC-481C-8E33-2B24CE8971AB}.Debug|Any CPU.Build.0 = Debug|Any CPU
		{CE5AF6BE-D2EC-481C-8E33-2B24CE8971AB}.Release|Any CPU.ActiveCfg = Release|Any CPU
		{CE5AF6BE-D2EC-481C-8E33-2B24CE8971AB}.Release|Any CPU.Build.0 = Release|Any CPU
	EndGlobalSection
	GlobalSection(SolutionProperties) = preSolution
		HideSolutionNode = FALSE
	EndGlobalSection
	GlobalSection(ExtensibilityGlobals) = postSolution
		SolutionGuid = {F0EA3AB0-B69E-499F-955D-3E27B8FEF620}
	EndGlobalSection
EndGlobal
